lockfileVersion: '6.0'

settings:
  autoInstallPeers: true
  excludeLinksFromLockfile: false

dependencies:
  colortranslator:
    specifier: ^4.1.0
    version: 4.1.0
  toml:
    specifier: ^3.0.0
    version: 3.0.0

devDependencies:
  typescript:
    specifier: ^5.3.3
    version: 5.3.3

packages:

  /colortranslator@4.1.0:
    resolution: {integrity: sha512-bwa5awaMnQ6dpm9D3nbsFwUr6x6FrTKmxPdolNtSYfxCNR7ZM93GG1OF5Y3Sy1LvYdalb3riKC9uTn0X5NB36g==}
    dev: false

  /toml@3.0.0:
    resolution: {integrity: sha512-y/mWCZinnvxjTKYhJ+pYxwD0mRLVvOtdS2Awbgxln6iEnt4rk0yBxeSBHkGJcPucRiG0e55mwWp+g/05rsrd6w==}
    dev: false

  /typescript@5.3.3:
    resolution: {integrity: sha512-pXWcraxM0uxAS+tN0AG/BF2TyqmHO014Z070UsJ+pFvYuRSq8KH8DmWpnbXe0pEPDHXZV3FcAbJkijJ5oNEnWw==}
    engines: {node: '>=14.17'}
    hasBin: true
    dev: true
